
Microsoft Visual Studio Solution File, Format Version 12.00
# Visual Studio Version 16
VisualStudioVersion = 16.0.29613.14
MinimumVisualStudioVersion = 10.0.40219.1
Project("{FAE04EC0-301F-11D3-BF4B-00C04F79EFBC}") = "WebApplicationMySQL", "WebApplicationMySQL.csproj", "{5D08A864-582B-4B36-A867-D992435D3DF4}"
EndProject
Global
	GlobalSection(SolutionConfigurationPlatforms) = preSolution
		Debug|Any CPU = Debug|Any CPU
		Release|Any CPU = Release|Any CPU
	EndGlobalSection
	GlobalSection(ProjectConfigurationPlatforms) = postSolution
		{5D08A864-582B-4B36-A867-D992435D3DF4}.Debug|Any CPU.ActiveCfg = Debug|Any CPU
		{5D08A864-582B-4B36-A867-D992435D3DF4}.Debug|Any CPU.Build.0 = Debug|Any CPU
		{5D08A864-582B-4B36-A867-D992435D3DF4}.Release|Any CPU.ActiveCfg = Release|Any CPU
		{5D08A864-582B-4B36-A867-D992435D3DF4}.Release|Any CPU.Build.0 = Release|Any CPU
	EndGlobalSection
	GlobalSection(SolutionProperties) = preSolution
		HideSolutionNode = FALSE
	EndGlobalSection
	GlobalSection(ExtensibilityGlobals) = postSolution
		SolutionGuid = {89C4010E-2B4C-4604-A4BA-10A415DC303D}
	EndGlobalSection
EndGlobal
